
Microsoft Visual Studio Solution File, Format Version 11.00
# Visual Studio 2010
Project("{8BC9CEB8-8B4A-11D0-8D11-00A0C91BC942}") = "alien_game", "alien_game.vcxproj", "{C7A0D5DA-06B7-421B-AD0B-54DB1FFABEAE}"
	ProjectSection(ProjectDependencies) = postProject
		{9795F4A5-ABFF-4BEA-AD4E-F095443DE7EA} = {9795F4A5-ABFF-4BEA-AD4E-F095443DE7EA}
		{047270A6-B09B-414B-BC16-246E4EAAF8F7} = {047270A6-B09B-414B-BC16-246E4EAAF8F7}
	EndProjectSection
EndProject
Project("{8BC9CEB8-8B4A-11D0-8D11-00A0C91BC942}") = "alien_engine", "..\engine\alien_engine.vcxproj", "{047270A6-B09B-414B-BC16-246E4EAAF8F7}"
	ProjectSection(ProjectDependencies) = postProject
		{3A214E06-B95E-4D61-A291-1F8DF2EC10FD} = {3A214E06-B95E-4D61-A291-1F8DF2EC10FD}
		{4CEFBC84-C215-11DB-8314-0800200C9A66} = {4CEFBC84-C215-11DB-8314-0800200C9A66}
		{CEBDE98B-A6AA-46E6-BC79-FAAF823DB9EC} = {CEBDE98B-A6AA-46E6-BC79-FAAF823DB9EC}
		{15CBFEFF-7965-41F5-B4E2-21E8795C9159} = {15CBFEFF-7965-41F5-B4E2-21E8795C9159}
	EndProjectSection
EndProject
Project("{8BC9CEB8-8B4A-11D0-8D11-00A0C91BC942}") = "libogg_static", "..\3rd\audio_codecs\libogg-1.3.0\win32\VS2010\libogg_static.vcxproj", "{15CBFEFF-7965-41F5-B4E2-21E8795C9159}"
EndProject
Project("{8BC9CEB8-8B4A-11D0-8D11-00A0C91BC942}") = "libFLAC_static", "..\3rd\audio_codecs\flac-1.2.1\src\libFLAC\libFLAC_static.vcxproj", "{4CEFBC84-C215-11DB-8314-0800200C9A66}"
	ProjectSection(ProjectDependencies) = postProject
		{15CBFEFF-7965-41F5-B4E2-21E8795C9159} = {15CBFEFF-7965-41F5-B4E2-21E8795C9159}
	EndProjectSection
EndProject
Project("{8BC9CEB8-8B4A-11D0-8D11-00A0C91BC942}") = "alien_editor", "..\editor\alien_editor.vcxproj", "{9795F4A5-ABFF-4BEA-AD4E-F095443DE7EA}"
	ProjectSection(ProjectDependencies) = postProject
		{047270A6-B09B-414B-BC16-246E4EAAF8F7} = {047270A6-B09B-414B-BC16-246E4EAAF8F7}
	EndProjectSection
EndProject
Project("{8BC9CEB8-8B4A-11D0-8D11-00A0C91BC942}") = "BulletCollision", "..\3rd\bullet_physic\build\vs2010\BulletCollision.vcxproj", "{54AE91C7-48D4-9C49-A5B1-0CED554CADFA}"
EndProject
Project("{8BC9CEB8-8B4A-11D0-8D11-00A0C91BC942}") = "LinearMath", "..\3rd\bullet_physic\build\vs2010\LinearMath.vcxproj", "{58D08522-C69F-904C-A7ED-733DA229F1BA}"
EndProject
Project("{8BC9CEB8-8B4A-11D0-8D11-00A0C91BC942}") = "BulletDynamics", "..\3rd\bullet_physic\build\vs2010\BulletDynamics.vcxproj", "{28D36A0F-B790-D748-BC8C-8FB422E45492}"
EndProject
Project("{2150E333-8FDC-42A3-9474-1A3956D46DE8}") = "bullet_physic", "bullet_physic", "{626D6A72-DC40-417C-BDB9-680BE2B026D6}"
EndProject
Project("{2150E333-8FDC-42A3-9474-1A3956D46DE8}") = "audio_codecs", "audio_codecs", "{8A5A1680-1919-4261-8A66-698482EFFBB7}"
EndProject
Project("{8BC9CEB8-8B4A-11D0-8D11-00A0C91BC942}") = "libvorbis_static", "..\3rd\audio_codecs\libvorbis-1.3.3\win32\VS2010\libvorbis\libvorbis_static.vcxproj", "{3A214E06-B95E-4D61-A291-1F8DF2EC10FD}"
EndProject
Project("{8BC9CEB8-8B4A-11D0-8D11-00A0C91BC942}") = "libvorbisfile", "..\3rd\audio_codecs\libvorbis-1.3.3\win32\VS2010\libvorbisfile\libvorbisfile_static.vcxproj", "{CEBDE98B-A6AA-46E6-BC79-FAAF823DB9EC}"
EndProject
Global
	GlobalSection(SolutionConfigurationPlatforms) = preSolution
		Debug|Win32 = Debug|Win32
		Debug|x64 = Debug|x64
		Develop|Win32 = Develop|Win32
		Develop|x64 = Develop|x64
		Release|Win32 = Release|Win32
		Release|x64 = Release|x64
	EndGlobalSection
	GlobalSection(ProjectConfigurationPlatforms) = postSolution
		{C7A0D5DA-06B7-421B-AD0B-54DB1FFABEAE}.Debug|Win32.ActiveCfg = Debug|Win32
		{C7A0D5DA-06B7-421B-AD0B-54DB1FFABEAE}.Debug|Win32.Build.0 = Debug|Win32
		{C7A0D5DA-06B7-421B-AD0B-54DB1FFABEAE}.Debug|x64.ActiveCfg = Debug|x64
		{C7A0D5DA-06B7-421B-AD0B-54DB1FFABEAE}.Debug|x64.Build.0 = Debug|x64
		{C7A0D5DA-06B7-421B-AD0B-54DB1FFABEAE}.Develop|Win32.ActiveCfg = Develop|Win32
		{C7A0D5DA-06B7-421B-AD0B-54DB1FFABEAE}.Develop|Win32.Build.0 = Develop|Win32
		{C7A0D5DA-06B7-421B-AD0B-54DB1FFABEAE}.Develop|x64.ActiveCfg = Develop|x64
		{C7A0D5DA-06B7-421B-AD0B-54DB1FFABEAE}.Develop|x64.Build.0 = Develop|x64
		{C7A0D5DA-06B7-421B-AD0B-54DB1FFABEAE}.Release|Win32.ActiveCfg = Release|Win32
		{C7A0D5DA-06B7-421B-AD0B-54DB1FFABEAE}.Release|Win32.Build.0 = Release|Win32
		{C7A0D5DA-06B7-421B-AD0B-54DB1FFABEAE}.Release|x64.ActiveCfg = Release|x64
		{C7A0D5DA-06B7-421B-AD0B-54DB1FFABEAE}.Release|x64.Build.0 = Release|x64
		{047270A6-B09B-414B-BC16-246E4EAAF8F7}.Debug|Win32.ActiveCfg = Debug|Win32
		{047270A6-B09B-414B-BC16-246E4EAAF8F7}.Debug|Win32.Build.0 = Debug|Win32
		{047270A6-B09B-414B-BC16-246E4EAAF8F7}.Debug|x64.ActiveCfg = Debug|x64
		{047270A6-B09B-414B-BC16-246E4EAAF8F7}.Debug|x64.Build.0 = Debug|x64
		{047270A6-B09B-414B-BC16-246E4EAAF8F7}.Develop|Win32.ActiveCfg = Develop|Win32
		{047270A6-B09B-414B-BC16-246E4EAAF8F7}.Develop|Win32.Build.0 = Develop|Win32
		{047270A6-B09B-414B-BC16-246E4EAAF8F7}.Develop|x64.ActiveCfg = Develop|x64
		{047270A6-B09B-414B-BC16-246E4EAAF8F7}.Develop|x64.Build.0 = Develop|x64
		{047270A6-B09B-414B-BC16-246E4EAAF8F7}.Release|Win32.ActiveCfg = Release|Win32
		{047270A6-B09B-414B-BC16-246E4EAAF8F7}.Release|Win32.Build.0 = Release|Win32
		{047270A6-B09B-414B-BC16-246E4EAAF8F7}.Release|x64.ActiveCfg = Release|x64
		{047270A6-B09B-414B-BC16-246E4EAAF8F7}.Release|x64.Build.0 = Release|x64
		{15CBFEFF-7965-41F5-B4E2-21E8795C9159}.Debug|Win32.ActiveCfg = Debug|Win32
		{15CBFEFF-7965-41F5-B4E2-21E8795C9159}.Debug|Win32.Build.0 = Debug|Win32
		{15CBFEFF-7965-41F5-B4E2-21E8795C9159}.Debug|x64.ActiveCfg = Debug|x64
		{15CBFEFF-7965-41F5-B4E2-21E8795C9159}.Debug|x64.Build.0 = Debug|x64
		{15CBFEFF-7965-41F5-B4E2-21E8795C9159}.Develop|Win32.ActiveCfg = Release|Win32
		{15CBFEFF-7965-41F5-B4E2-21E8795C9159}.Develop|Win32.Build.0 = Release|Win32
		{15CBFEFF-7965-41F5-B4E2-21E8795C9159}.Develop|x64.ActiveCfg = Release|x64
		{15CBFEFF-7965-41F5-B4E2-21E8795C9159}.Develop|x64.Build.0 = Release|x64
		{15CBFEFF-7965-41F5-B4E2-21E8795C9159}.Release|Win32.ActiveCfg = Release|Win32
		{15CBFEFF-7965-41F5-B4E2-21E8795C9159}.Release|Win32.Build.0 = Release|Win32
		{15CBFEFF-7965-41F5-B4E2-21E8795C9159}.Release|x64.ActiveCfg = Release|x64
		{15CBFEFF-7965-41F5-B4E2-21E8795C9159}.Release|x64.Build.0 = Release|x64
		{4CEFBC84-C215-11DB-8314-0800200C9A66}.Debug|Win32.ActiveCfg = Debug|Win32
		{4CEFBC84-C215-11DB-8314-0800200C9A66}.Debug|Win32.Build.0 = Debug|Win32
		{4CEFBC84-C215-11DB-8314-0800200C9A66}.Debug|x64.ActiveCfg = Debug|x64
		{4CEFBC84-C215-11DB-8314-0800200C9A66}.Develop|Win32.ActiveCfg = Release|Win32
		{4CEFBC84-C215-11DB-8314-0800200C9A66}.Develop|Win32.Build.0 = Release|Win32
		{4CEFBC84-C215-11DB-8314-0800200C9A66}.Develop|x64.ActiveCfg = Release|x64
		{4CEFBC84-C215-11DB-8314-0800200C9A66}.Release|Win32.ActiveCfg = Release|Win32
		{4CEFBC84-C215-11DB-8314-0800200C9A66}.Release|Win32.Build.0 = Release|Win32
		{4CEFBC84-C215-11DB-8314-0800200C9A66}.Release|x64.ActiveCfg = Release|x64
		{9795F4A5-ABFF-4BEA-AD4E-F095443DE7EA}.Debug|Win32.ActiveCfg = Debug|Win32
		{9795F4A5-ABFF-4BEA-AD4E-F095443DE7EA}.Debug|Win32.Build.0 = Debug|Win32
		{9795F4A5-ABFF-4BEA-AD4E-F095443DE7EA}.Debug|x64.ActiveCfg = Debug|x64
		{9795F4A5-ABFF-4BEA-AD4E-F095443DE7EA}.Debug|x64.Build.0 = Debug|x64
		{9795F4A5-ABFF-4BEA-AD4E-F095443DE7EA}.Develop|Win32.ActiveCfg = Develop|Win32
		{9795F4A5-ABFF-4BEA-AD4E-F095443DE7EA}.Develop|Win32.Build.0 = Develop|Win32
		{9795F4A5-ABFF-4BEA-AD4E-F095443DE7EA}.Develop|x64.ActiveCfg = Develop|x64
		{9795F4A5-ABFF-4BEA-AD4E-F095443DE7EA}.Develop|x64.Build.0 = Develop|x64
		{9795F4A5-ABFF-4BEA-AD4E-F095443DE7EA}.Release|Win32.ActiveCfg = Release|Win32
		{9795F4A5-ABFF-4BEA-AD4E-F095443DE7EA}.Release|Win32.Build.0 = Release|Win32
		{9795F4A5-ABFF-4BEA-AD4E-F095443DE7EA}.Release|x64.ActiveCfg = Release|x64
		{9795F4A5-ABFF-4BEA-AD4E-F095443DE7EA}.Release|x64.Build.0 = Release|x64
		{54AE91C7-48D4-9C49-A5B1-0CED554CADFA}.Debug|Win32.ActiveCfg = Debug|Win32
		{54AE91C7-48D4-9C49-A5B1-0CED554CADFA}.Debug|Win32.Build.0 = Debug|Win32
		{54AE91C7-48D4-9C49-A5B1-0CED554CADFA}.Debug|x64.ActiveCfg = Debug|x64
		{54AE91C7-48D4-9C49-A5B1-0CED554CADFA}.Debug|x64.Build.0 = Debug|x64
		{54AE91C7-48D4-9C49-A5B1-0CED554CADFA}.Develop|Win32.ActiveCfg = Release|Win32
		{54AE91C7-48D4-9C49-A5B1-0CED554CADFA}.Develop|Win32.Build.0 = Release|Win32
		{54AE91C7-48D4-9C49-A5B1-0CED554CADFA}.Develop|x64.ActiveCfg = Release|x64
		{54AE91C7-48D4-9C49-A5B1-0CED554CADFA}.Develop|x64.Build.0 = Release|x64
		{54AE91C7-48D4-9C49-A5B1-0CED554CADFA}.Release|Win32.ActiveCfg = Release|Win32
		{54AE91C7-48D4-9C49-A5B1-0CED554CADFA}.Release|Win32.Build.0 = Release|Win32
		{54AE91C7-48D4-9C49-A5B1-0CED554CADFA}.Release|x64.ActiveCfg = Release|x64
		{54AE91C7-48D4-9C49-A5B1-0CED554CADFA}.Release|x64.Build.0 = Release|x64
		{58D08522-C69F-904C-A7ED-733DA229F1BA}.Debug|Win32.ActiveCfg = Debug|Win32
		{58D08522-C69F-904C-A7ED-733DA229F1BA}.Debug|Win32.Build.0 = Debug|Win32
		{58D08522-C69F-904C-A7ED-733DA229F1BA}.Debug|x64.ActiveCfg = Debug|x64
		{58D08522-C69F-904C-A7ED-733DA229F1BA}.Debug|x64.Build.0 = Debug|x64
		{58D08522-C69F-904C-A7ED-733DA229F1BA}.Develop|Win32.ActiveCfg = Release|Win32
		{58D08522-C69F-904C-A7ED-733DA229F1BA}.Develop|Win32.Build.0 = Release|Win32
		{58D08522-C69F-904C-A7ED-733DA229F1BA}.Develop|x64.ActiveCfg = Release|x64
		{58D08522-C69F-904C-A7ED-733DA229F1BA}.Develop|x64.Build.0 = Release|x64
		{58D08522-C69F-904C-A7ED-733DA229F1BA}.Release|Win32.ActiveCfg = Release|Win32
		{58D08522-C69F-904C-A7ED-733DA229F1BA}.Release|Win32.Build.0 = Release|Win32
		{58D08522-C69F-904C-A7ED-733DA229F1BA}.Release|x64.ActiveCfg = Release|x64
		{58D08522-C69F-904C-A7ED-733DA229F1BA}.Release|x64.Build.0 = Release|x64
		{28D36A0F-B790-D748-BC8C-8FB422E45492}.Debug|Win32.ActiveCfg = Debug|Win32
		{28D36A0F-B790-D748-BC8C-8FB422E45492}.Debug|Win32.Build.0 = Debug|Win32
		{28D36A0F-B790-D748-BC8C-8FB422E45492}.Debug|x64.ActiveCfg = Debug|x64
		{28D36A0F-B790-D748-BC8C-8FB422E45492}.Debug|x64.Build.0 = Debug|x64
		{28D36A0F-B790-D748-BC8C-8FB422E45492}.Develop|Win32.ActiveCfg = Release|Win32
		{28D36A0F-B790-D748-BC8C-8FB422E45492}.Develop|Win32.Build.0 = Release|Win32
		{28D36A0F-B790-D748-BC8C-8FB422E45492}.Develop|x64.ActiveCfg = Release|x64
		{28D36A0F-B790-D748-BC8C-8FB422E45492}.Develop|x64.Build.0 = Release|x64
		{28D36A0F-B790-D748-BC8C-8FB422E45492}.Release|Win32.ActiveCfg = Release|Win32
		{28D36A0F-B790-D748-BC8C-8FB422E45492}.Release|Win32.Build.0 = Release|Win32
		{28D36A0F-B790-D748-BC8C-8FB422E45492}.Release|x64.ActiveCfg = Release|x64
		{28D36A0F-B790-D748-BC8C-8FB422E45492}.Release|x64.Build.0 = Release|x64
		{3A214E06-B95E-4D61-A291-1F8DF2EC10FD}.Debug|Win32.ActiveCfg = Debug|Win32
		{3A214E06-B95E-4D61-A291-1F8DF2EC10FD}.Debug|Win32.Build.0 = Debug|Win32
		{3A214E06-B95E-4D61-A291-1F8DF2EC10FD}.Debug|x64.ActiveCfg = Debug|x64
		{3A214E06-B95E-4D61-A291-1F8DF2EC10FD}.Debug|x64.Build.0 = Debug|x64
		{3A214E06-B95E-4D61-A291-1F8DF2EC10FD}.Develop|Win32.ActiveCfg = Release|Win32
		{3A214E06-B95E-4D61-A291-1F8DF2EC10FD}.Develop|Win32.Build.0 = Release|Win32
		{3A214E06-B95E-4D61-A291-1F8DF2EC10FD}.Develop|x64.ActiveCfg = Release|x64
		{3A214E06-B95E-4D61-A291-1F8DF2EC10FD}.Develop|x64.Build.0 = Release|x64
		{3A214E06-B95E-4D61-A291-1F8DF2EC10FD}.Release|Win32.ActiveCfg = Release|Win32
		{3A214E06-B95E-4D61-A291-1F8DF2EC10FD}.Release|Win32.Build.0 = Release|Win32
		{3A214E06-B95E-4D61-A291-1F8DF2EC10FD}.Release|x64.ActiveCfg = Release|x64
		{3A214E06-B95E-4D61-A291-1F8DF2EC10FD}.Release|x64.Build.0 = Release|x64
		{CEBDE98B-A6AA-46E6-BC79-FAAF823DB9EC}.Debug|Win32.ActiveCfg = Debug|Win32
		{CEBDE98B-A6AA-46E6-BC79-FAAF823DB9EC}.Debug|Win32.Build.0 = Debug|Win32
		{CEBDE98B-A6AA-46E6-BC79-FAAF823DB9EC}.Debug|x64.ActiveCfg = Debug|x64
		{CEBDE98B-A6AA-46E6-BC79-FAAF823DB9EC}.Debug|x64.Build.0 = Debug|x64
		{CEBDE98B-A6AA-46E6-BC79-FAAF823DB9EC}.Develop|Win32.ActiveCfg = Release|Win32
		{CEBDE98B-A6AA-46E6-BC79-FAAF823DB9EC}.Develop|Win32.Build.0 = Release|Win32
		{CEBDE98B-A6AA-46E6-BC79-FAAF823DB9EC}.Develop|x64.ActiveCfg = Release|x64
		{CEBDE98B-A6AA-46E6-BC79-FAAF823DB9EC}.Develop|x64.Build.0 = Release|x64
		{CEBDE98B-A6AA-46E6-BC79-FAAF823DB9EC}.Release|Win32.ActiveCfg = Release|Win32
		{CEBDE98B-A6AA-46E6-BC79-FAAF823DB9EC}.Release|Win32.Build.0 = Release|Win32
		{CEBDE98B-A6AA-46E6-BC79-FAAF823DB9EC}.Release|x64.ActiveCfg = Release|x64
		{CEBDE98B-A6AA-46E6-BC79-FAAF823DB9EC}.Release|x64.Build.0 = Release|x64
	EndGlobalSection
	GlobalSection(SolutionProperties) = preSolution
		HideSolutionNode = FALSE
	EndGlobalSection
	GlobalSection(NestedProjects) = preSolution
		{4CEFBC84-C215-11DB-8314-0800200C9A66} = {8A5A1680-1919-4261-8A66-698482EFFBB7}
		{15CBFEFF-7965-41F5-B4E2-21E8795C9159} = {8A5A1680-1919-4261-8A66-698482EFFBB7}
		{3A214E06-B95E-4D61-A291-1F8DF2EC10FD} = {8A5A1680-1919-4261-8A66-698482EFFBB7}
		{CEBDE98B-A6AA-46E6-BC79-FAAF823DB9EC} = {8A5A1680-1919-4261-8A66-698482EFFBB7}
		{58D08522-C69F-904C-A7ED-733DA229F1BA} = {626D6A72-DC40-417C-BDB9-680BE2B026D6}
		{28D36A0F-B790-D748-BC8C-8FB422E45492} = {626D6A72-DC40-417C-BDB9-680BE2B026D6}
		{54AE91C7-48D4-9C49-A5B1-0CED554CADFA} = {626D6A72-DC40-417C-BDB9-680BE2B026D6}
	EndGlobalSection
EndGlobal
